{
  "name": "browserified-vtt-to-text",
  "version": "1.0.0",
  "lockfileVersion": 3,
  "requires": true,
  "packages": {
    "": {
      "name": "browserified-vtt-to-text",
      "version": "1.0.0",
      "license": "ISC",
      "dependencies": {
        "vtt-to-text": "^1.0.1"
      }
    },
    "node_modules/vtt-to-text": {
      "version": "1.0.1",
      "resolved": "https://registry.npmjs.org/vtt-to-text/-/vtt-to-text-1.0.1.tgz",
      "integrity": "sha512-Bjm9p+R7QVYTV1UakrbjXfKhONHoZXR0CipRJzkB95pWPwvrU603Mewvsbi4wRQ4kEX5+PJ+1O8g0mpL3aMIZw=="
    }
  }
}
